
Microsoft Visual Studio Solution File, Format Version 12.00
# Visual Studio Version 17
VisualStudioVersion = 17.13.35806.99
MinimumVisualStudioVersion = 10.0.40219.1
Project("{2150E333-8FDC-42A3-9474-1A3956D46DE8}") = "src", "src", "{02EA681E-C7D8-13C7-8484-4AC65E1B71E8}"
EndProject
Project("{FAE04EC0-301F-11D3-BF4B-00C04F79EFBC}") = "Domain", "src\Domain\Domain.csproj", "{00A7977E-E423-401F-A720-B7080EFFF092}"
EndProject
Project("{FAE04EC0-301F-11D3-BF4B-00C04F79EFBC}") = "Application", "src\Application\Application.csproj", "{3FDC461F-19C4-400F-8280-439FFC837BDA}"
EndProject
Project("{FAE04EC0-301F-11D3-BF4B-00C04F79EFBC}") = "Infrastructure", "src\Infrastructure\Infrastructure.csproj", "{34CC0D72-C009-4F3B-8C66-DF98438247D8}"
EndProject
Project("{FAE04EC0-301F-11D3-BF4B-00C04F79EFBC}") = "Presentation", "src\Presentation\Presentation.csproj", "{1D2DF173-6469-43B1-93D9-1E310E368B62}"
EndProject
Project("{FAE04EC0-301F-11D3-BF4B-00C04F79EFBC}") = "FacadePatternInConsole", "src\FacadePatternInConsole\FacadePatternInConsole.csproj", "{5845E637-8A11-4990-92C1-0AE2026EDDEB}"
EndProject
Global
	GlobalSection(SolutionConfigurationPlatforms) = preSolution
		Debug|Any CPU = Debug|Any CPU
		Release|Any CPU = Release|Any CPU
	EndGlobalSection
	GlobalSection(ProjectConfigurationPlatforms) = postSolution
		{00A7977E-E423-401F-A720-B7080EFFF092}.Debug|Any CPU.ActiveCfg = Debug|Any CPU
		{00A7977E-E423-401F-A720-B7080EFFF092}.Debug|Any CPU.Build.0 = Debug|Any CPU
		{00A7977E-E423-401F-A720-B7080EFFF092}.Release|Any CPU.ActiveCfg = Release|Any CPU
		{00A7977E-E423-401F-A720-B7080EFFF092}.Release|Any CPU.Build.0 = Release|Any CPU
		{3FDC461F-19C4-400F-8280-439FFC837BDA}.Debug|Any CPU.ActiveCfg = Debug|Any CPU
		{3FDC461F-19C4-400F-8280-439FFC837BDA}.Debug|Any CPU.Build.0 = Debug|Any CPU
		{3FDC461F-19C4-400F-8280-439FFC837BDA}.Release|Any CPU.ActiveCfg = Release|Any CPU
		{3FDC461F-19C4-400F-8280-439FFC837BDA}.Release|Any CPU.Build.0 = Release|Any CPU
		{34CC0D72-C009-4F3B-8C66-DF98438247D8}.Debug|Any CPU.ActiveCfg = Debug|Any CPU
		{34CC0D72-C009-4F3B-8C66-DF98438247D8}.Debug|Any CPU.Build.0 = Debug|Any CPU
		{34CC0D72-C009-4F3B-8C66-DF98438247D8}.Release|Any CPU.ActiveCfg = Release|Any CPU
		{34CC0D72-C009-4F3B-8C66-DF98438247D8}.Release|Any CPU.Build.0 = Release|Any CPU
		{1D2DF173-6469-43B1-93D9-1E310E368B62}.Debug|Any CPU.ActiveCfg = Debug|Any CPU
		{1D2DF173-6469-43B1-93D9-1E310E368B62}.Debug|Any CPU.Build.0 = Debug|Any CPU
		{1D2DF173-6469-43B1-93D9-1E310E368B62}.Release|Any CPU.ActiveCfg = Release|Any CPU
		{1D2DF173-6469-43B1-93D9-1E310E368B62}.Release|Any CPU.Build.0 = Release|Any CPU
		{5845E637-8A11-4990-92C1-0AE2026EDDEB}.Debug|Any CPU.ActiveCfg = Debug|Any CPU
		{5845E637-8A11-4990-92C1-0AE2026EDDEB}.Debug|Any CPU.Build.0 = Debug|Any CPU
		{5845E637-8A11-4990-92C1-0AE2026EDDEB}.Release|Any CPU.ActiveCfg = Release|Any CPU
		{5845E637-8A11-4990-92C1-0AE2026EDDEB}.Release|Any CPU.Build.0 = Release|Any CPU
	EndGlobalSection
	GlobalSection(SolutionProperties) = preSolution
		HideSolutionNode = FALSE
	EndGlobalSection
	GlobalSection(NestedProjects) = preSolution
		{00A7977E-E423-401F-A720-B7080EFFF092} = {02EA681E-C7D8-13C7-8484-4AC65E1B71E8}
		{3FDC461F-19C4-400F-8280-439FFC837BDA} = {02EA681E-C7D8-13C7-8484-4AC65E1B71E8}
		{34CC0D72-C009-4F3B-8C66-DF98438247D8} = {02EA681E-C7D8-13C7-8484-4AC65E1B71E8}
		{1D2DF173-6469-43B1-93D9-1E310E368B62} = {02EA681E-C7D8-13C7-8484-4AC65E1B71E8}
		{5845E637-8A11-4990-92C1-0AE2026EDDEB} = {02EA681E-C7D8-13C7-8484-4AC65E1B71E8}
	EndGlobalSection
	GlobalSection(ExtensibilityGlobals) = postSolution
		SolutionGuid = {BBF4BBD6-C530-401E-A22A-FF1F8573A081}
	EndGlobalSection
EndGlobal
